<?xml version="1.0" encoding="utf-8"?>
<Project ToolsVersion="4.0" xmlns="http://schemas.microsoft.com/developer/msbuild/2003">
  <ItemGroup>
    <Filter Include="Source Files">
      <UniqueIdentifier>{4FC737F1-C7A5-4376-A066-2A32D752A2FF}</UniqueIdentifier>
      <Extensions>cpp;c;cc;cxx;def;odl;idl;hpj;bat;asm;asmx</Extensions>
    </Filter>
    <Filter Include="Header Files">
      <UniqueIdentifier>{93995380-89BD-4b04-88EB-625FBE52EBFB}</UniqueIdentifier>
      <Extensions>h;hh;hpp;hxx;hm;inl;inc;xsd</Extensions>
    </Filter>
    <Filter Include="Resource Files">
      <UniqueIdentifier>{67DA6AB6-F800-4c08-8B7A-83BB121AAD01}</UniqueIdentifier>
      <Extensions>rc;ico;cur;bmp;dlg;rc2;rct;bin;rgs;gif;jpg;jpeg;jpe;resx;tiff;tif;png;wav;mfcribbon-ms</Extensions>
    </Filter>
    <Filter Include="Header Files\solvers">
      <UniqueIdentifier>{cce4c736-8fef-4955-b892-9a4caf8ee4ad}</UniqueIdentifier>
    </Filter>
    <Filter Include="Header Files\solvers\parallel">
      <UniqueIdentifier>{ffb2b4dd-7884-4f1a-83b3-5361c9eead94}</UniqueIdentifier>
    </Filter>
    <Filter Include="Header Files\solvers\parallel\csr">
      <UniqueIdentifier>{364fd131-d2d1-4355-b564-bfd8ff90c9d0}</UniqueIdentifier>
    </Filter>
    <Filter Include="Header Files\solvers\parallel\ellpack">
      <UniqueIdentifier>{687024fe-e601-4053-96f3-6a2404095ac0}</UniqueIdentifier>
    </Filter>
    <Filter Include="Source Files\solvers">
      <UniqueIdentifier>{ab33431f-f71b-4160-bc84-1f8159428619}</UniqueIdentifier>
    </Filter>
    <Filter Include="Source Files\solvers\parallel">
      <UniqueIdentifier>{672fe25a-d1c8-4af3-b62b-c328a61f10ec}</UniqueIdentifier>
    </Filter>
    <Filter Include="Source Files\solvers\parallel\csr">
      <UniqueIdentifier>{15ca0385-66ec-4a8c-91c8-63175f41b2ab}</UniqueIdentifier>
    </Filter>
    <Filter Include="Source Files\solvers\parallel\ellpack">
      <UniqueIdentifier>{7ed88a25-d7c5-4c7e-8b2c-2e46bc2e46c2}</UniqueIdentifier>
    </Filter>
  </ItemGroup>
  <ItemGroup>
    <ClCompile Include="example_read.cpp">
      <Filter>Source Files</Filter>
    </ClCompile>
    <ClCompile Include="CSRParallelSolver.cpp">
      <Filter>Source Files\solvers\parallel\csr</Filter>
    </ClCompile>
    <ClCompile Include="ELLPACKParallelSolver.cpp">
      <Filter>Source Files</Filter>
    </ClCompile>
    <ClCompile Include="ELLPACKParallelSolver.cpp">
      <Filter>Source Files\solvers\parallel\ellpack</Filter>
    </ClCompile>
  </ItemGroup>
  <ItemGroup>
    <ClInclude Include="CSRParallelSolver.h">
      <Filter>Header Files\solvers\parallel\csr</Filter>
    </ClInclude>
    <ClInclude Include="ELLPACKParallelSolver.h">
      <Filter>Header Files\solvers\parallel\ellpack</Filter>
    </ClInclude>
  </ItemGroup>
</Project>