
Microsoft Visual Studio Solution File, Format Version 12.00
# Visual Studio 15
VisualStudioVersion = 15.0.26228.4
MinimumVisualStudioVersion = 10.0.40219.1
Project("{8BC9CEB8-8B4A-11D0-8D11-00A0C91BC942}") = "common", "common\common.vcxproj", "{5CB5D1B8-F6F8-49F1-AFC4-63CAE2D0C137}"
EndProject
Project("{8BC9CEB8-8B4A-11D0-8D11-00A0C91BC942}") = "openmp", "openmp\openmp.vcxproj", "{FEFA117D-586C-4A83-9D3E-9B1432541A1F}"
EndProject
Project("{8BC9CEB8-8B4A-11D0-8D11-00A0C91BC942}") = "cuda", "cuda\cuda.vcxproj", "{78623C1F-BF4E-44A2-9C97-20D85AB8A8FB}"
EndProject
Project("{8BC9CEB8-8B4A-11D0-8D11-00A0C91BC942}") = "commonTests", "commonTests\commonTests.vcxproj", "{9271FB24-1959-4AF6-9BA1-3FAC8D69BEDD}"
EndProject
Project("{8BC9CEB8-8B4A-11D0-8D11-00A0C91BC942}") = "transformer", "transformer\transformer.vcxproj", "{923F8AD3-8629-483D-B950-B7C1A409F804}"
EndProject
Project("{8BC9CEB8-8B4A-11D0-8D11-00A0C91BC942}") = "openmpTests", "openmpTests\openmpTests.vcxproj", "{3C72E17B-E043-439A-A200-5A044FDE96EE}"
EndProject
Project("{8BC9CEB8-8B4A-11D0-8D11-00A0C91BC942}") = "main", "main\main.vcxproj", "{CD184078-79D5-4B70-98D3-6402A90D7158}"
EndProject
Global
	GlobalSection(SolutionConfigurationPlatforms) = preSolution
		Debug|x64 = Debug|x64
		Debug|x86 = Debug|x86
		Release|x64 = Release|x64
		Release|x86 = Release|x86
	EndGlobalSection
	GlobalSection(ProjectConfigurationPlatforms) = postSolution
		{5CB5D1B8-F6F8-49F1-AFC4-63CAE2D0C137}.Debug|x64.ActiveCfg = Debug|x64
		{5CB5D1B8-F6F8-49F1-AFC4-63CAE2D0C137}.Debug|x64.Build.0 = Debug|x64
		{5CB5D1B8-F6F8-49F1-AFC4-63CAE2D0C137}.Debug|x86.ActiveCfg = Debug|Win32
		{5CB5D1B8-F6F8-49F1-AFC4-63CAE2D0C137}.Debug|x86.Build.0 = Debug|Win32
		{5CB5D1B8-F6F8-49F1-AFC4-63CAE2D0C137}.Release|x64.ActiveCfg = Release|x64
		{5CB5D1B8-F6F8-49F1-AFC4-63CAE2D0C137}.Release|x64.Build.0 = Release|x64
		{5CB5D1B8-F6F8-49F1-AFC4-63CAE2D0C137}.Release|x86.ActiveCfg = Release|Win32
		{5CB5D1B8-F6F8-49F1-AFC4-63CAE2D0C137}.Release|x86.Build.0 = Release|Win32
		{FEFA117D-586C-4A83-9D3E-9B1432541A1F}.Debug|x64.ActiveCfg = Debug|x64
		{FEFA117D-586C-4A83-9D3E-9B1432541A1F}.Debug|x64.Build.0 = Debug|x64
		{FEFA117D-586C-4A83-9D3E-9B1432541A1F}.Debug|x86.ActiveCfg = Debug|Win32
		{FEFA117D-586C-4A83-9D3E-9B1432541A1F}.Debug|x86.Build.0 = Debug|Win32
		{FEFA117D-586C-4A83-9D3E-9B1432541A1F}.Release|x64.ActiveCfg = Release|x64
		{FEFA117D-586C-4A83-9D3E-9B1432541A1F}.Release|x64.Build.0 = Release|x64
		{FEFA117D-586C-4A83-9D3E-9B1432541A1F}.Release|x86.ActiveCfg = Release|Win32
		{FEFA117D-586C-4A83-9D3E-9B1432541A1F}.Release|x86.Build.0 = Release|Win32
		{78623C1F-BF4E-44A2-9C97-20D85AB8A8FB}.Debug|x64.ActiveCfg = Debug|x64
		{78623C1F-BF4E-44A2-9C97-20D85AB8A8FB}.Debug|x64.Build.0 = Debug|x64
		{78623C1F-BF4E-44A2-9C97-20D85AB8A8FB}.Debug|x86.ActiveCfg = Debug|Win32
		{78623C1F-BF4E-44A2-9C97-20D85AB8A8FB}.Debug|x86.Build.0 = Debug|Win32
		{78623C1F-BF4E-44A2-9C97-20D85AB8A8FB}.Release|x64.ActiveCfg = Release|x64
		{78623C1F-BF4E-44A2-9C97-20D85AB8A8FB}.Release|x64.Build.0 = Release|x64
		{78623C1F-BF4E-44A2-9C97-20D85AB8A8FB}.Release|x86.ActiveCfg = Release|Win32
		{78623C1F-BF4E-44A2-9C97-20D85AB8A8FB}.Release|x86.Build.0 = Release|Win32
		{9271FB24-1959-4AF6-9BA1-3FAC8D69BEDD}.Debug|x64.ActiveCfg = Debug|x64
		{9271FB24-1959-4AF6-9BA1-3FAC8D69BEDD}.Debug|x64.Build.0 = Debug|x64
		{9271FB24-1959-4AF6-9BA1-3FAC8D69BEDD}.Debug|x86.ActiveCfg = Debug|Win32
		{9271FB24-1959-4AF6-9BA1-3FAC8D69BEDD}.Debug|x86.Build.0 = Debug|Win32
		{9271FB24-1959-4AF6-9BA1-3FAC8D69BEDD}.Release|x64.ActiveCfg = Release|x64
		{9271FB24-1959-4AF6-9BA1-3FAC8D69BEDD}.Release|x64.Build.0 = Release|x64
		{9271FB24-1959-4AF6-9BA1-3FAC8D69BEDD}.Release|x86.ActiveCfg = Release|Win32
		{9271FB24-1959-4AF6-9BA1-3FAC8D69BEDD}.Release|x86.Build.0 = Release|Win32
		{923F8AD3-8629-483D-B950-B7C1A409F804}.Debug|x64.ActiveCfg = Debug|x64
		{923F8AD3-8629-483D-B950-B7C1A409F804}.Debug|x64.Build.0 = Debug|x64
		{923F8AD3-8629-483D-B950-B7C1A409F804}.Debug|x86.ActiveCfg = Debug|Win32
		{923F8AD3-8629-483D-B950-B7C1A409F804}.Debug|x86.Build.0 = Debug|Win32
		{923F8AD3-8629-483D-B950-B7C1A409F804}.Release|x64.ActiveCfg = Release|x64
		{923F8AD3-8629-483D-B950-B7C1A409F804}.Release|x64.Build.0 = Release|x64
		{923F8AD3-8629-483D-B950-B7C1A409F804}.Release|x86.ActiveCfg = Release|Win32
		{923F8AD3-8629-483D-B950-B7C1A409F804}.Release|x86.Build.0 = Release|Win32
		{3C72E17B-E043-439A-A200-5A044FDE96EE}.Debug|x64.ActiveCfg = Debug|x64
		{3C72E17B-E043-439A-A200-5A044FDE96EE}.Debug|x64.Build.0 = Debug|x64
		{3C72E17B-E043-439A-A200-5A044FDE96EE}.Debug|x86.ActiveCfg = Debug|Win32
		{3C72E17B-E043-439A-A200-5A044FDE96EE}.Debug|x86.Build.0 = Debug|Win32
		{3C72E17B-E043-439A-A200-5A044FDE96EE}.Release|x64.ActiveCfg = Release|x64
		{3C72E17B-E043-439A-A200-5A044FDE96EE}.Release|x64.Build.0 = Release|x64
		{3C72E17B-E043-439A-A200-5A044FDE96EE}.Release|x86.ActiveCfg = Release|Win32
		{3C72E17B-E043-439A-A200-5A044FDE96EE}.Release|x86.Build.0 = Release|Win32
		{CD184078-79D5-4B70-98D3-6402A90D7158}.Debug|x64.ActiveCfg = Debug|x64
		{CD184078-79D5-4B70-98D3-6402A90D7158}.Debug|x64.Build.0 = Debug|x64
		{CD184078-79D5-4B70-98D3-6402A90D7158}.Debug|x86.ActiveCfg = Debug|Win32
		{CD184078-79D5-4B70-98D3-6402A90D7158}.Debug|x86.Build.0 = Debug|Win32
		{CD184078-79D5-4B70-98D3-6402A90D7158}.Release|x64.ActiveCfg = Release|x64
		{CD184078-79D5-4B70-98D3-6402A90D7158}.Release|x64.Build.0 = Release|x64
		{CD184078-79D5-4B70-98D3-6402A90D7158}.Release|x86.ActiveCfg = Release|Win32
		{CD184078-79D5-4B70-98D3-6402A90D7158}.Release|x86.Build.0 = Release|Win32
	EndGlobalSection
	GlobalSection(SolutionProperties) = preSolution
		HideSolutionNode = FALSE
	EndGlobalSection
EndGlobal
