<?xml version="1.0" encoding="utf-8"?>
<Project ToolsVersion="4.0" xmlns="http://schemas.microsoft.com/developer/msbuild/2003">
  <ItemGroup>
    <Filter Include="Source Files">
      <UniqueIdentifier>{4FC737F1-C7A5-4376-A066-2A32D752A2FF}</UniqueIdentifier>
      <Extensions>cpp;c;cc;cxx;def;odl;idl;hpj;bat;asm;asmx</Extensions>
    </Filter>
    <Filter Include="Header Files">
      <UniqueIdentifier>{93995380-89BD-4b04-88EB-625FBE52EBFB}</UniqueIdentifier>
      <Extensions>h;hh;hpp;hxx;hm;inl;inc;xsd</Extensions>
    </Filter>
    <Filter Include="Resource Files">
      <UniqueIdentifier>{67DA6AB6-F800-4c08-8B7A-83BB121AAD01}</UniqueIdentifier>
      <Extensions>rc;ico;cur;bmp;dlg;rc2;rct;bin;rgs;gif;jpg;jpeg;jpe;resx;tiff;tif;png;wav;mfcribbon-ms</Extensions>
    </Filter>
    <Filter Include="Header Files\tools">
      <UniqueIdentifier>{6a85fc51-7d0b-4a3d-ae93-3e318c6983b7}</UniqueIdentifier>
    </Filter>
    <Filter Include="Header Files\tools\invokers">
      <UniqueIdentifier>{e6c76afc-9cb8-46b3-b638-2688f656bb63}</UniqueIdentifier>
    </Filter>
    <Filter Include="Header Files\tools\invokers\csr">
      <UniqueIdentifier>{9e796989-1a72-4174-b387-16e597d71b33}</UniqueIdentifier>
    </Filter>
    <Filter Include="Source Files\tools">
      <UniqueIdentifier>{bee44127-3839-414d-96ae-e1be253e3f09}</UniqueIdentifier>
    </Filter>
    <Filter Include="Source Files\tools\invokers">
      <UniqueIdentifier>{b42eb6ff-3009-4c2f-a461-5c88811b095c}</UniqueIdentifier>
    </Filter>
    <Filter Include="Source Files\tools\invokers\csr">
      <UniqueIdentifier>{4257f0ad-35fc-4286-aef8-4532e0e0e504}</UniqueIdentifier>
    </Filter>
    <Filter Include="Header Files\output">
      <UniqueIdentifier>{133a1181-66ec-43a5-aa7e-1fcd25ac1ca7}</UniqueIdentifier>
    </Filter>
    <Filter Include="Header Files\output\metadata">
      <UniqueIdentifier>{5c1d6e87-f174-47fb-ae8f-d7d5634be225}</UniqueIdentifier>
    </Filter>
    <Filter Include="Header Files\tools\invokers\ellpack">
      <UniqueIdentifier>{2cc0ddba-42a8-4391-a1ed-b688ca85bc8b}</UniqueIdentifier>
    </Filter>
    <Filter Include="Source Files\tools\invokers\ellpack">
      <UniqueIdentifier>{ef81f3ca-e656-493f-9cc5-5c6bdf145b33}</UniqueIdentifier>
    </Filter>
  </ItemGroup>
  <ItemGroup>
    <ClCompile Include="Source.cpp">
      <Filter>Source Files</Filter>
    </ClCompile>
    <ClCompile Include="CSRInvoker.cpp">
      <Filter>Source Files\tools\invokers\csr</Filter>
    </ClCompile>
    <ClCompile Include="ELLPACKInvoker.cpp">
      <Filter>Source Files\tools\invokers\ellpack</Filter>
    </ClCompile>
  </ItemGroup>
  <ItemGroup>
    <ClInclude Include="CSRInvoker.h">
      <Filter>Header Files\tools\invokers\csr</Filter>
    </ClInclude>
    <ClInclude Include="ELLPACKInvoker.h">
      <Filter>Header Files\tools\invokers\ellpack</Filter>
    </ClInclude>
  </ItemGroup>
</Project>