<?xml version="1.0" encoding="utf-8"?>
<Project ToolsVersion="4.0" xmlns="http://schemas.microsoft.com/developer/msbuild/2003">
  <ItemGroup>
    <Filter Include="Header Files">
      <UniqueIdentifier>{03e40d1e-2b79-4264-8f96-a43ca5d41273}</UniqueIdentifier>
    </Filter>
    <Filter Include="Source Files">
      <UniqueIdentifier>{ddb27abb-be7f-40ab-9f04-610a8fd89fb6}</UniqueIdentifier>
    </Filter>
    <Filter Include="Header Files\tools">
      <UniqueIdentifier>{e0aaaac4-fb51-4658-9421-3522471c5064}</UniqueIdentifier>
    </Filter>
    <Filter Include="Header Files\tools\solvers">
      <UniqueIdentifier>{e1aad73f-3fd3-4c25-87cc-a876258a2e9c}</UniqueIdentifier>
    </Filter>
    <Filter Include="Source Files\tools">
      <UniqueIdentifier>{cd052b4b-64e5-43ac-9833-0184092ab3d9}</UniqueIdentifier>
    </Filter>
    <Filter Include="Source Files\tools\solvers">
      <UniqueIdentifier>{144d3635-c886-46f3-9c5d-99f4f338fe6d}</UniqueIdentifier>
    </Filter>
  </ItemGroup>
  <ItemGroup>
    <CudaCompile Include="kernel.cu">
      <Filter>Source Files</Filter>
    </CudaCompile>
    <CudaCompile Include="ELLPACKCudaSolver.cu">
      <Filter>Source Files\tools\solvers</Filter>
    </CudaCompile>
    <CudaCompile Include="CRSCudaSolver.cu">
      <Filter>Source Files\tools\solvers</Filter>
    </CudaCompile>
  </ItemGroup>
  <ItemGroup>
    <ClInclude Include="kernel.h">
      <Filter>Header Files</Filter>
    </ClInclude>
    <ClInclude Include="ELLPACKCudaSolver.h">
      <Filter>Header Files\tools\solvers</Filter>
    </ClInclude>
    <ClInclude Include="CRSCudaSolver.h">
      <Filter>Header Files\tools\solvers</Filter>
    </ClInclude>
  </ItemGroup>
</Project>