<?xml version="1.0" encoding="utf-8"?>
<Project ToolsVersion="4.0" xmlns="http://schemas.microsoft.com/developer/msbuild/2003">
  <ItemGroup>
    <Filter Include="Source Files">
      <UniqueIdentifier>{4FC737F1-C7A5-4376-A066-2A32D752A2FF}</UniqueIdentifier>
      <Extensions>cpp;c;cc;cxx;def;odl;idl;hpj;bat;asm;asmx</Extensions>
    </Filter>
    <Filter Include="Header Files">
      <UniqueIdentifier>{93995380-89BD-4b04-88EB-625FBE52EBFB}</UniqueIdentifier>
      <Extensions>h;hh;hpp;hxx;hm;inl;inc;xsd</Extensions>
    </Filter>
    <Filter Include="Resource Files">
      <UniqueIdentifier>{67DA6AB6-F800-4c08-8B7A-83BB121AAD01}</UniqueIdentifier>
      <Extensions>rc;ico;cur;bmp;dlg;rc2;rct;bin;rgs;gif;jpg;jpeg;jpe;resx;tiff;tif;png;wav;mfcribbon-ms</Extensions>
    </Filter>
    <Filter Include="Header Files\speedup">
      <UniqueIdentifier>{84a5bbd9-0ba6-40fc-b0f5-24933ebb3c1c}</UniqueIdentifier>
    </Filter>
    <Filter Include="Header Files\resources">
      <UniqueIdentifier>{79e377cf-c46a-4d1e-952a-b0b4196d3a18}</UniqueIdentifier>
    </Filter>
    <Filter Include="Header Files\test-interfaces">
      <UniqueIdentifier>{902c8f89-28f7-4b75-8a07-ba73e4a9ff71}</UniqueIdentifier>
    </Filter>
    <Filter Include="Header Files\test-interfaces\results">
      <UniqueIdentifier>{84dd326e-b163-4f67-be20-767fc0df4651}</UniqueIdentifier>
    </Filter>
  </ItemGroup>
  <ItemGroup>
    <ClCompile Include="Source.cpp">
      <Filter>Source Files</Filter>
    </ClCompile>
    <ClCompile Include="MockTests.cpp">
      <Filter>Header Files</Filter>
    </ClCompile>
    <ClCompile Include="PerformanceSpeedupTests.cpp">
      <Filter>Header Files\speedup</Filter>
    </ClCompile>
  </ItemGroup>
  <ItemGroup>
    <ClInclude Include="MockTest.h">
      <Filter>Header Files</Filter>
    </ClInclude>
    <ClInclude Include="PerformanceSpeedupTest.h">
      <Filter>Header Files\speedup</Filter>
    </ClInclude>
    <ClInclude Include="TestMacros.h">
      <Filter>Header Files</Filter>
    </ClInclude>
    <ClInclude Include="MatrixTestInterface.h">
      <Filter>Header Files\test-interfaces</Filter>
    </ClInclude>
    <ClInclude Include="TestingUtilities.h">
      <Filter>Header Files</Filter>
    </ClInclude>
    <ClInclude Include="MatrixContainer.h">
      <Filter>Header Files\resources</Filter>
    </ClInclude>
    <ClInclude Include="DoubleFloatComparisonResult.h">
      <Filter>Header Files\test-interfaces\results</Filter>
    </ClInclude>
    <ClInclude Include="SerialParallelComparison.h">
      <Filter>Header Files\test-interfaces\results</Filter>
    </ClInclude>
  </ItemGroup>
</Project>