<?xml version="1.0" encoding="utf-8"?>
<Project ToolsVersion="4.0" xmlns="http://schemas.microsoft.com/developer/msbuild/2003">
  <ItemGroup>
    <Filter Include="Source Files">
      <UniqueIdentifier>{4FC737F1-C7A5-4376-A066-2A32D752A2FF}</UniqueIdentifier>
      <Extensions>cpp;c;cc;cxx;def;odl;idl;hpj;bat;asm;asmx</Extensions>
    </Filter>
    <Filter Include="Header Files">
      <UniqueIdentifier>{93995380-89BD-4b04-88EB-625FBE52EBFB}</UniqueIdentifier>
      <Extensions>h;hh;hpp;hxx;hm;inl;inc;xsd</Extensions>
    </Filter>
    <Filter Include="Resource Files">
      <UniqueIdentifier>{67DA6AB6-F800-4c08-8B7A-83BB121AAD01}</UniqueIdentifier>
      <Extensions>rc;ico;cur;bmp;dlg;rc2;rct;bin;rgs;gif;jpg;jpeg;jpe;resx;tiff;tif;png;wav;mfcribbon-ms</Extensions>
    </Filter>
    <Filter Include="Header Files\testing">
      <UniqueIdentifier>{04841003-cae3-4f24-9772-752e75847e0d}</UniqueIdentifier>
    </Filter>
    <Filter Include="Header Files\testing\csr">
      <UniqueIdentifier>{3cea180a-9dbf-426b-a8b9-cbaeec9fbe4d}</UniqueIdentifier>
    </Filter>
    <Filter Include="Header Files\testing\ellpack">
      <UniqueIdentifier>{aa4c55eb-0fe3-4289-b328-5968832f73e5}</UniqueIdentifier>
    </Filter>
  </ItemGroup>
  <ItemGroup>
    <ClCompile Include="Source.cpp">
      <Filter>Source Files</Filter>
    </ClCompile>
    <ClCompile Include="CudaCSRSolverTests.cpp">
      <Filter>Header Files\testing\csr</Filter>
    </ClCompile>
    <ClCompile Include="CudaELLPACKSolverTests.cpp">
      <Filter>Header Files\testing\ellpack</Filter>
    </ClCompile>
  </ItemGroup>
  <ItemGroup>
    <ClInclude Include="CudaCSRSolverTest.h">
      <Filter>Header Files\testing\csr</Filter>
    </ClInclude>
    <ClInclude Include="ITest.h">
      <Filter>Header Files\testing</Filter>
    </ClInclude>
    <ClInclude Include="CudaELLPACKSolverTest.h">
      <Filter>Header Files\testing\ellpack</Filter>
    </ClInclude>
  </ItemGroup>
</Project>