<?xml version="1.0" encoding="utf-8"?>
<Project ToolsVersion="4.0" xmlns="http://schemas.microsoft.com/developer/msbuild/2003">
  <ItemGroup>
    <Filter Include="Source Files">
      <UniqueIdentifier>{4FC737F1-C7A5-4376-A066-2A32D752A2FF}</UniqueIdentifier>
      <Extensions>cpp;c;cc;cxx;def;odl;idl;hpj;bat;asm;asmx</Extensions>
    </Filter>
    <Filter Include="Header Files">
      <UniqueIdentifier>{93995380-89BD-4b04-88EB-625FBE52EBFB}</UniqueIdentifier>
      <Extensions>h;hh;hpp;hxx;hm;inl;inc;xsd</Extensions>
    </Filter>
    <Filter Include="Resource Files">
      <UniqueIdentifier>{67DA6AB6-F800-4c08-8B7A-83BB121AAD01}</UniqueIdentifier>
      <Extensions>rc;ico;cur;bmp;dlg;rc2;rct;bin;rgs;gif;jpg;jpeg;jpe;resx;tiff;tif;png;wav;mfcribbon-ms</Extensions>
    </Filter>
    <Filter Include="Header Files\io">
      <UniqueIdentifier>{f365588d-f83e-421f-ad15-b20c83e7bbe2}</UniqueIdentifier>
    </Filter>
    <Filter Include="Source Files\io">
      <UniqueIdentifier>{df7be7ab-cd4e-4a4f-8120-7bee0a00904a}</UniqueIdentifier>
    </Filter>
    <Filter Include="Header Files\tools">
      <UniqueIdentifier>{2f26d0cb-b7aa-43d1-9464-be352726e26e}</UniqueIdentifier>
    </Filter>
    <Filter Include="Source Files\tools">
      <UniqueIdentifier>{dc78ae72-8d3e-44b1-9da3-f931a7c59520}</UniqueIdentifier>
    </Filter>
    <Filter Include="Header Files\tools\measurements">
      <UniqueIdentifier>{f18f179c-1af4-4ed8-b198-fdee2a0cbb3d}</UniqueIdentifier>
    </Filter>
    <Filter Include="Source Files\tools\measurements">
      <UniqueIdentifier>{8ea43dd6-f6c9-49a7-91ad-c8b663993597}</UniqueIdentifier>
    </Filter>
    <Filter Include="Header Files\representations">
      <UniqueIdentifier>{82ca7211-52ff-4f12-8bdd-df670c588bd6}</UniqueIdentifier>
    </Filter>
    <Filter Include="Source Files\representations">
      <UniqueIdentifier>{faaa59c2-960a-4dfc-b2a1-032bed6bdfa3}</UniqueIdentifier>
    </Filter>
    <Filter Include="Header Files\tools\solvers">
      <UniqueIdentifier>{d2039ad6-f8e6-4f8a-ac42-9f1df99bb900}</UniqueIdentifier>
    </Filter>
    <Filter Include="Source Files\io\readers">
      <UniqueIdentifier>{810f6ea3-32f5-43e3-a204-673845a1fddc}</UniqueIdentifier>
    </Filter>
    <Filter Include="Header Files\io\exceptions">
      <UniqueIdentifier>{87592ceb-e9e5-406c-8eef-c8b216fedbe7}</UniqueIdentifier>
    </Filter>
    <Filter Include="Source Files\representations\result">
      <UniqueIdentifier>{29b72ea2-71e3-4e78-8242-221e64df4012}</UniqueIdentifier>
    </Filter>
    <Filter Include="Header Files\representations\results">
      <UniqueIdentifier>{f4d3e89a-a386-4422-88e1-4cad7f58ce84}</UniqueIdentifier>
    </Filter>
    <Filter Include="Source Files\io\readers\commandline">
      <UniqueIdentifier>{6eda3942-66af-493c-ab12-2e05d62f8050}</UniqueIdentifier>
    </Filter>
    <Filter Include="Header Files\io\mmio">
      <UniqueIdentifier>{075a2adf-4805-49f6-b51a-e09687576e74}</UniqueIdentifier>
    </Filter>
    <Filter Include="Source Files\io\mmio">
      <UniqueIdentifier>{93b488c3-8b69-4ed1-b018-5ec2260eaa5e}</UniqueIdentifier>
    </Filter>
    <Filter Include="Header Files\io\commandline">
      <UniqueIdentifier>{3d6ff18f-8667-4a9d-a55e-b4e8c2057e02}</UniqueIdentifier>
    </Filter>
    <Filter Include="Header Files\io\resolvers">
      <UniqueIdentifier>{9f8c10ff-3f08-4d23-9aad-a295589f47b8}</UniqueIdentifier>
    </Filter>
  </ItemGroup>
  <ItemGroup>
    <Text Include="ReadMe.txt" />
  </ItemGroup>
  <ItemGroup>
    <ClInclude Include="ReadMatrixException.h">
      <Filter>Header Files\io\exceptions</Filter>
    </ClInclude>
    <ClInclude Include="CommandLineParameterReader.h">
      <Filter>Header Files\io\commandline</Filter>
    </ClInclude>
    <ClInclude Include="CommandLineException.h">
      <Filter>Header Files\io\exceptions</Filter>
    </ClInclude>
    <ClInclude Include="ConversionFailedException.h">
      <Filter>Header Files\io\exceptions</Filter>
    </ClInclude>
    <ClInclude Include="Result.h">
      <Filter>Header Files\representations\results</Filter>
    </ClInclude>
    <ClInclude Include="Argument.h">
      <Filter>Header Files\io\commandline</Filter>
    </ClInclude>
    <ClInclude Include="ArgumentType.h">
      <Filter>Header Files\io\commandline</Filter>
    </ClInclude>
    <ClInclude Include="Parameter.h">
      <Filter>Header Files\io\commandline</Filter>
    </ClInclude>
    <ClInclude Include="ELLPACK.h">
      <Filter>Header Files\representations</Filter>
    </ClInclude>
    <ClInclude Include="Output.h">
      <Filter>Header Files\representations</Filter>
    </ClInclude>
    <ClInclude Include="SingleHeader.h">
      <Filter>Header Files\representations\results</Filter>
    </ClInclude>
    <ClInclude Include="FLOPSCalculator.h">
      <Filter>Header Files\tools\measurements</Filter>
    </ClInclude>
    <ClInclude Include="ExecutionTimer.h">
      <Filter>Header Files\tools\measurements</Filter>
    </ClInclude>
    <ClInclude Include="AbstractCSRSolver.h">
      <Filter>Header Files\tools\solvers</Filter>
    </ClInclude>
    <ClInclude Include="ELLPACKSolver.h">
      <Filter>Header Files\tools\solvers</Filter>
    </ClInclude>
    <ClInclude Include="AbstractELLPACKSolver.h">
      <Filter>Header Files\tools\solvers</Filter>
    </ClInclude>
    <ClInclude Include="MatrixMarketEnums.h">
      <Filter>Header Files\io\mmio</Filter>
    </ClInclude>
    <ClInclude Include="MatrixMarketStream.h">
      <Filter>Header Files\io\mmio</Filter>
    </ClInclude>
    <ClInclude Include="MatrixMarketTuple.h">
      <Filter>Header Files\io\mmio</Filter>
    </ClInclude>
    <ClInclude Include="MatrixMarketHeader.h">
      <Filter>Header Files\io\mmio</Filter>
    </ClInclude>
    <ClInclude Include="CRS.h">
      <Filter>Header Files\representations</Filter>
    </ClInclude>
    <ClInclude Include="CRSSolver.h">
      <Filter>Header Files\tools\solvers</Filter>
    </ClInclude>
    <ClInclude Include="MatrixMarketTupleReaderInterface.h">
      <Filter>Header Files\io\resolvers</Filter>
    </ClInclude>
    <ClInclude Include="UnsignedFloatReader.h">
      <Filter>Header Files\io\resolvers</Filter>
    </ClInclude>
    <ClInclude Include="StableSorter.h">
      <Filter>Header Files\tools</Filter>
    </ClInclude>
  </ItemGroup>
  <ItemGroup>
    <ClCompile Include="CommandLineParameterReader.cpp">
      <Filter>Source Files\io\readers\commandline</Filter>
    </ClCompile>
    <ClCompile Include="Result.cpp">
      <Filter>Source Files\representations\result</Filter>
    </ClCompile>
    <ClCompile Include="SingleHeader.cpp">
      <Filter>Source Files\representations\result</Filter>
    </ClCompile>
    <ClCompile Include="FLOPSCalculator.cpp">
      <Filter>Source Files\tools\measurements</Filter>
    </ClCompile>
    <ClCompile Include="ExecutionTimer.cpp">
      <Filter>Source Files\tools\measurements</Filter>
    </ClCompile>
    <ClCompile Include="MatrixMarketHeader.cpp">
      <Filter>Source Files\io\mmio</Filter>
    </ClCompile>
  </ItemGroup>
</Project>