<?xml version="1.0" encoding="utf-8"?>
<Project ToolsVersion="4.0" xmlns="http://schemas.microsoft.com/developer/msbuild/2003">
  <ItemGroup>
    <Filter Include="Source Files">
      <UniqueIdentifier>{4FC737F1-C7A5-4376-A066-2A32D752A2FF}</UniqueIdentifier>
      <Extensions>cpp;c;cc;cxx;def;odl;idl;hpj;bat;asm;asmx</Extensions>
    </Filter>
    <Filter Include="Header Files">
      <UniqueIdentifier>{93995380-89BD-4b04-88EB-625FBE52EBFB}</UniqueIdentifier>
      <Extensions>h;hh;hpp;hxx;hm;inl;inc;xsd</Extensions>
    </Filter>
    <Filter Include="Resource Files">
      <UniqueIdentifier>{67DA6AB6-F800-4c08-8B7A-83BB121AAD01}</UniqueIdentifier>
      <Extensions>rc;ico;cur;bmp;dlg;rc2;rct;bin;rgs;gif;jpg;jpeg;jpe;resx;tiff;tif;png;wav;mfcribbon-ms</Extensions>
    </Filter>
    <Filter Include="Header Files\testing-interfaces">
      <UniqueIdentifier>{6c36d458-96cf-4922-8d6f-bcd3af5ff17e}</UniqueIdentifier>
    </Filter>
    <Filter Include="Header Files\testing">
      <UniqueIdentifier>{7317c25f-fcb0-4ecf-9ead-4cd7c3d96d21}</UniqueIdentifier>
    </Filter>
    <Filter Include="Header Files\testing\tools">
      <UniqueIdentifier>{abfb8556-b72a-44ef-ac20-e466fd6f4bef}</UniqueIdentifier>
    </Filter>
    <Filter Include="Header Files\testing\tools\transformers">
      <UniqueIdentifier>{3b61925a-47e1-48c2-9d01-53ce3feb658a}</UniqueIdentifier>
    </Filter>
    <Filter Include="Header Files\testing\tools\solvers">
      <UniqueIdentifier>{7c544814-6664-44ad-9a92-34eb11465d02}</UniqueIdentifier>
    </Filter>
    <Filter Include="Header Files\testing\tools\solvers\csr">
      <UniqueIdentifier>{2b645657-51a1-484d-8d5a-81ba0e1c8f65}</UniqueIdentifier>
    </Filter>
    <Filter Include="Header Files\testing\tools\transformers\csr">
      <UniqueIdentifier>{8f505de5-2a89-47c1-b571-a58b7adaec65}</UniqueIdentifier>
    </Filter>
    <Filter Include="Header Files\testing\tools\sorters">
      <UniqueIdentifier>{7cc20eb8-1d71-4968-959a-6c496a2cc369}</UniqueIdentifier>
    </Filter>
    <Filter Include="Header Files\testing\tools\transformers\ellpack">
      <UniqueIdentifier>{c72a8e87-0219-4901-8879-8ea7aa16b519}</UniqueIdentifier>
    </Filter>
    <Filter Include="Header Files\testing\tools\solvers\ellpack">
      <UniqueIdentifier>{ce05a1ba-2337-42d5-b4a9-3ae91b135185}</UniqueIdentifier>
    </Filter>
  </ItemGroup>
  <ItemGroup>
    <ClCompile Include="Source.cpp">
      <Filter>Source Files</Filter>
    </ClCompile>
    <ClCompile Include="CSRTransformerTests.cpp">
      <Filter>Header Files\testing\tools\transformers\csr</Filter>
    </ClCompile>
    <ClCompile Include="CSRSolverTests.cpp">
      <Filter>Header Files\testing\tools\solvers\csr</Filter>
    </ClCompile>
    <ClCompile Include="InPlaceSorterTests.cpp">
      <Filter>Header Files\testing\tools\sorters</Filter>
    </ClCompile>
    <ClCompile Include="ELLPACKTransformerTests.cpp">
      <Filter>Header Files\testing\tools\transformers\ellpack</Filter>
    </ClCompile>
    <ClCompile Include="EllpackSolverTests.cpp">
      <Filter>Header Files\testing\tools\solvers\ellpack</Filter>
    </ClCompile>
  </ItemGroup>
  <ItemGroup>
    <ClInclude Include="ITest.h">
      <Filter>Header Files\testing-interfaces</Filter>
    </ClInclude>
    <ClInclude Include="CSRTransformerTest.h">
      <Filter>Header Files\testing\tools\transformers\csr</Filter>
    </ClInclude>
    <ClInclude Include="CSRSolverTest.h">
      <Filter>Header Files\testing\tools\solvers\csr</Filter>
    </ClInclude>
    <ClInclude Include="InPlaceSorterTest.h">
      <Filter>Header Files\testing\tools\sorters</Filter>
    </ClInclude>
    <ClInclude Include="ELLPACKTransformerTest.h">
      <Filter>Header Files\testing\tools\transformers\ellpack</Filter>
    </ClInclude>
    <ClInclude Include="EllpackSolverTest.h">
      <Filter>Header Files\testing\tools\solvers\ellpack</Filter>
    </ClInclude>
  </ItemGroup>
</Project>